<?xml version="1.0" encoding="utf-8"?>
<Project ToolsVersion="4.0" xmlns="http://schemas.microsoft.com/developer/msbuild/2003">
  <ItemGroup>
    <Filter Include="Source Files">
      <UniqueIdentifier>{4FC737F1-C7A5-4376-A066-2A32D752A2FF}</UniqueIdentifier>
      <Extensions>cpp;cxx;c;def</Extensions>
    </Filter>
    <Filter Include="Header Files">
      <UniqueIdentifier>{93995380-89BD-4b04-88EB-625FBE52EBFB}</UniqueIdentifier>
      <Extensions>h</Extensions>
    </Filter>
    <Filter Include="Form Files">
      <UniqueIdentifier>{99349809-55BA-4b9d-BF79-8FDBB0286EB3}</UniqueIdentifier>
      <Extensions>ui</Extensions>
    </Filter>
    <Filter Include="Resource Files">
      <UniqueIdentifier>{D9D6E242-F8AF-46E4-B9FD-80ECBC20BA3E}</UniqueIdentifier>
      <Extensions>qrc;*</Extensions>
      <ParseFiles>false</ParseFiles>
    </Filter>
    <Filter Include="Generated Files">
      <UniqueIdentifier>{71ED8ED8-ACB9-4CE9-BBE1-E00B30144E11}</UniqueIdentifier>
      <Extensions>moc;h;cpp</Extensions>
      <SourceControlFiles>False</SourceControlFiles>
    </Filter>
    <Filter Include="Generated Files\Debug">
      <UniqueIdentifier>{53031e5e-cf69-4098-b827-eba26f45d99e}</UniqueIdentifier>
      <Extensions>cpp;moc</Extensions>
      <SourceControlFiles>False</SourceControlFiles>
    </Filter>
    <Filter Include="Generated Files\Release">
      <UniqueIdentifier>{4e118ec5-06f0-4826-9f6d-344c5389166d}</UniqueIdentifier>
      <Extensions>cpp;moc</Extensions>
      <SourceControlFiles>False</SourceControlFiles>
    </Filter>
    <Filter Include="Header Files\Domain">
      <UniqueIdentifier>{0da7b71c-3f7e-4073-8f40-8f9fbee7545e}</UniqueIdentifier>
    </Filter>
    <Filter Include="Header Files\Controller">
      <UniqueIdentifier>{3f277e81-7169-4d2f-b0ff-d9807932bfd5}</UniqueIdentifier>
    </Filter>
    <Filter Include="Header Files\Repository">
      <UniqueIdentifier>{23d0bc2e-56f3-4d0a-aacc-fd4acea964ca}</UniqueIdentifier>
    </Filter>
    <Filter Include="Header Files\Utils">
      <UniqueIdentifier>{434c9323-ffca-4257-9e40-f2c364c8fd84}</UniqueIdentifier>
    </Filter>
    <Filter Include="Header Files\Tests">
      <UniqueIdentifier>{fa44104c-677c-436d-b9bb-aba1e9c67984}</UniqueIdentifier>
    </Filter>
    <Filter Include="Source Files\Controller">
      <UniqueIdentifier>{f4d3f92f-11df-48ea-ad23-2d36f998d2dd}</UniqueIdentifier>
    </Filter>
    <Filter Include="Source Files\Domain">
      <UniqueIdentifier>{1158abe8-4ccb-4012-837e-6cba7f206250}</UniqueIdentifier>
    </Filter>
    <Filter Include="Source Files\Repository">
      <UniqueIdentifier>{8fb52eb4-69e9-42f0-a9d0-375f43afb9b3}</UniqueIdentifier>
    </Filter>
    <Filter Include="Source Files\Tests">
      <UniqueIdentifier>{98666170-1799-4df0-8f38-bc1b506d9492}</UniqueIdentifier>
    </Filter>
  </ItemGroup>
  <ItemGroup>
    <ClCompile Include="main.cpp">
      <Filter>Source Files</Filter>
    </ClCompile>
    <ClCompile Include="lab10_11.cpp">
      <Filter>Source Files</Filter>
    </ClCompile>
    <ClCompile Include="GeneratedFiles\Debug\moc_lab10_11.cpp">
      <Filter>Generated Files\Debug</Filter>
    </ClCompile>
    <ClCompile Include="GeneratedFiles\Release\moc_lab10_11.cpp">
      <Filter>Generated Files\Release</Filter>
    </ClCompile>
    <ClCompile Include="GeneratedFiles\qrc_lab10_11.cpp">
      <Filter>Generated Files</Filter>
    </ClCompile>
    <ClCompile Include="..\..\..\Lab 6_7\ClassTemplate\stdafx.cpp">
      <Filter>Source Files</Filter>
    </ClCompile>
    <ClCompile Include="..\..\..\Lab 6_7\ClassTemplate\Medicament.cpp">
      <Filter>Source Files\Domain</Filter>
    </ClCompile>
    <ClCompile Include="..\..\..\Lab 6_7\ClassTemplate\Repository.cpp">
      <Filter>Source Files\Repository</Filter>
    </ClCompile>
    <ClCompile Include="..\..\..\Lab 6_7\ClassTemplate\Tests.cpp">
      <Filter>Source Files\Tests</Filter>
    </ClCompile>
    <ClCompile Include="Controller.cpp">
      <Filter>Source Files\Controller</Filter>
    </ClCompile>
  </ItemGroup>
  <ItemGroup>
    <CustomBuild Include="lab10_11.h">
      <Filter>Header Files</Filter>
    </CustomBuild>
    <CustomBuild Include="lab10_11.ui">
      <Filter>Form Files</Filter>
    </CustomBuild>
    <CustomBuild Include="lab10_11.qrc">
      <Filter>Resource Files</Filter>
    </CustomBuild>
  </ItemGroup>
  <ItemGroup>
    <ClInclude Include="GeneratedFiles\ui_lab10_11.h">
      <Filter>Generated Files</Filter>
    </ClInclude>
    <ClInclude Include="..\..\..\Lab 6_7\ClassTemplate\Medicament.h">
      <Filter>Header Files\Domain</Filter>
    </ClInclude>
    <ClInclude Include="..\..\..\Lab 6_7\ClassTemplate\Repository.h">
      <Filter>Header Files\Repository</Filter>
    </ClInclude>
    <ClInclude Include="..\..\..\Lab 6_7\ClassTemplate\FileRepository.h">
      <Filter>Header Files\Repository</Filter>
    </ClInclude>
    <ClInclude Include="..\..\..\Lab 6_7\ClassTemplate\UndoAction.h">
      <Filter>Header Files\Domain</Filter>
    </ClInclude>
    <ClInclude Include="..\..\..\Lab 6_7\ClassTemplate\UndoAdd.h">
      <Filter>Header Files\Domain</Filter>
    </ClInclude>
    <ClInclude Include="..\..\..\Lab 6_7\ClassTemplate\UndoMod.h">
      <Filter>Header Files\Domain</Filter>
    </ClInclude>
    <ClInclude Include="..\..\..\Lab 6_7\ClassTemplate\UndoRem.h">
      <Filter>Header Files\Domain</Filter>
    </ClInclude>
    <ClInclude Include="..\..\..\Lab 6_7\ClassTemplate\ControlConstants.h">
      <Filter>Header Files\Utils</Filter>
    </ClInclude>
    <ClInclude Include="..\..\..\Lab 6_7\ClassTemplate\CSVFSaver.h">
      <Filter>Header Files\Utils</Filter>
    </ClInclude>
    <ClInclude Include="..\..\..\Lab 6_7\ClassTemplate\FSaver.h">
      <Filter>Header Files\Utils</Filter>
    </ClInclude>
    <ClInclude Include="..\..\..\Lab 6_7\ClassTemplate\HTMLFSaver.h">
      <Filter>Header Files\Utils</Filter>
    </ClInclude>
    <ClInclude Include="..\..\..\Lab 6_7\ClassTemplate\Tests.h">
      <Filter>Header Files\Tests</Filter>
    </ClInclude>
    <ClInclude Include="Controller.h">
      <Filter>Header Files\Controller</Filter>
    </ClInclude>
  </ItemGroup>
</Project>